
Microsoft Visual Studio Solution File, Format Version 12.00
# Visual Studio Version 17
VisualStudioVersion = 17.11.35327.3
MinimumVisualStudioVersion = 10.0.40219.1
Project("{FAE04EC0-301F-11D3-BF4B-00C04F79EFBC}") = "CRUDInBlazor", "CRUDInBlazor\CRUDInBlazor.csproj", "{5781B18F-C638-457A-8529-4A2C84B79A5F}"
EndProject
Global
	GlobalSection(SolutionConfigurationPlatforms) = preSolution
		Debug|Any CPU = Debug|Any CPU
		Release|Any CPU = Release|Any CPU
	EndGlobalSection
	GlobalSection(ProjectConfigurationPlatforms) = postSolution
		{5781B18F-C638-457A-8529-4A2C84B79A5F}.Debug|Any CPU.ActiveCfg = Debug|Any CPU
		{5781B18F-C638-457A-8529-4A2C84B79A5F}.Debug|Any CPU.Build.0 = Debug|Any CPU
		{5781B18F-C638-457A-8529-4A2C84B79A5F}.Release|Any CPU.ActiveCfg = Release|Any CPU
		{5781B18F-C638-457A-8529-4A2C84B79A5F}.Release|Any CPU.Build.0 = Release|Any CPU
	EndGlobalSection
	GlobalSection(SolutionProperties) = preSolution
		HideSolutionNode = FALSE
	EndGlobalSection
	GlobalSection(ExtensibilityGlobals) = postSolution
		SolutionGuid = {0C8CD4D6-3094-47FF-8095-1B3FD478A4CC}
	EndGlobalSection
EndGlobal
